// !$*UTF8*$!
{
	archiveVersion = 1;
	classes = {
	};
	objectVersion = 46;
	objects = {

/* Begin PBXBuildFile section */
		6BD9FF5419F58A67008D5169 /* DetailsViewController.swift in Sources */ = {isa = PBXBuildFile; fileRef = 6BD9FF5319F58A67008D5169 /* DetailsViewController.swift */; };
		C2215B0419F41D3A003958E8 /* AppDelegate.swift in Sources */ = {isa = PBXBuildFile; fileRef = C2215B0319F41D3A003958E8 /* AppDelegate.swift */; };
		C2215B0619F41D3A003958E8 /* SearchResultsViewController.swift in Sources */ = {isa = PBXBuildFile; fileRef = C2215B0519F41D3A003958E8 /* SearchResultsViewController.swift */; };
		C2215B0919F41D3A003958E8 /* Main.storyboard in Resources */ = {isa = PBXBuildFile; fileRef = C2215B0719F41D3A003958E8 /* Main.storyboard */; };
		C2215B0B19F41D3A003958E8 /* Images.xcassets in Resources */ = {isa = PBXBuildFile; fileRef = C2215B0A19F41D3A003958E8 /* Images.xcassets */; };
		C2215B0E19F41D3A003958E8 /* LaunchScreen.xib in Resources */ = {isa = PBXBuildFile; fileRef = C2215B0C19F41D3A003958E8 /* LaunchScreen.xib */; };
		C2215B1A19F41D3A003958E8 /* iTunesSearchTests.swift in Sources */ = {isa = PBXBuildFile; fileRef = C2215B1919F41D3A003958E8 /* iTunesSearchTests.swift */; };
		C2215B2419F4249F003958E8 /* APIController.swift in Sources */ = {isa = PBXBuildFile; fileRef = C2215B2319F4249F003958E8 /* APIController.swift */; };
		C2A114ED19F43199005EE618 /* Blank52.png in Resources */ = {isa = PBXBuildFile; fileRef = C2A114EC19F43199005EE618 /* Blank52.png */; };
		C2A114EF19F4359B005EE618 /* Album.swift in Sources */ = {isa = PBXBuildFile; fileRef = C2A114EE19F4359B005EE618 /* Album.swift */; };
		C2CDB05D19F81BBB0012545A /* Track.swift in Sources */ = {isa = PBXBuildFile; fileRef = C2CDB05C19F81BBB0012545A /* Track.swift */; };
		C2CDB06119F81DAB0012545A /* TrackCell.swift in Sources */ = {isa = PBXBuildFile; fileRef = C2CDB06019F81DAB0012545A /* TrackCell.swift */; };
/* End PBXBuildFile section */

/* Begin PBXContainerItemProxy section */
		C2215B1419F41D3A003958E8 /* PBXContainerItemProxy */ = {
			isa = PBXContainerItemProxy;
			containerPortal = C2215AF619F41D3A003958E8 /* Project object */;
			proxyType = 1;
			remoteGlobalIDString = C2215AFD19F41D3A003958E8;
			remoteInfo = iTunesSearch;
		};
/* End PBXContainerItemProxy section */

/* Begin PBXFileReference section */
		6BD9FF5319F58A67008D5169 /* DetailsViewController.swift */ = {isa = PBXFileReference; fileEncoding = 4; lastKnownFileType = sourcecode.swift; path = DetailsViewController.swift; sourceTree = "<group>"; };
		C2215AFE19F41D3A003958E8 /* iTunesSearch.app */ = {isa = PBXFileReference; explicitFileType = wrapper.application; includeInIndex = 0; path = iTunesSearch.app; sourceTree = BUILT_PRODUCTS_DIR; };
		C2215B0219F41D3A003958E8 /* Info.plist */ = {isa = PBXFileReference; lastKnownFileType = text.plist.xml; path = Info.plist; sourceTree = "<group>"; };
		C2215B0319F41D3A003958E8 /* AppDelegate.swift */ = {isa = PBXFileReference; lastKnownFileType = sourcecode.swift; path = AppDelegate.swift; sourceTree = "<group>"; };
		C2215B0519F41D3A003958E8 /* SearchResultsViewController.swift */ = {isa = PBXFileReference; lastKnownFileType = sourcecode.swift; path = SearchResultsViewController.swift; sourceTree = "<group>"; };
		C2215B0819F41D3A003958E8 /* Base */ = {isa = PBXFileReference; lastKnownFileType = file.storyboard; name = Base; path = Base.lproj/Main.storyboard; sourceTree = "<group>"; };
		C2215B0A19F41D3A003958E8 /* Images.xcassets */ = {isa = PBXFileReference; lastKnownFileType = folder.assetcatalog; path = Images.xcassets; sourceTree = "<group>"; };
		C2215B0D19F41D3A003958E8 /* Base */ = {isa = PBXFileReference; lastKnownFileType = file.xib; name = Base; path = Base.lproj/LaunchScreen.xib; sourceTree = "<group>"; };
		C2215B1319F41D3A003958E8 /* iTunesSearchTests.xctest */ = {isa = PBXFileReference; explicitFileType = wrapper.cfbundle; includeInIndex = 0; path = iTunesSearchTests.xctest; sourceTree = BUILT_PRODUCTS_DIR; };
		C2215B1819F41D3A003958E8 /* Info.plist */ = {isa = PBXFileReference; lastKnownFileType = text.plist.xml; path = Info.plist; sourceTree = "<group>"; };
		C2215B1919F41D3A003958E8 /* iTunesSearchTests.swift */ = {isa = PBXFileReference; lastKnownFileType = sourcecode.swift; path = iTunesSearchTests.swift; sourceTree = "<group>"; };
		C2215B2319F4249F003958E8 /* APIController.swift */ = {isa = PBXFileReference; fileEncoding = 4; lastKnownFileType = sourcecode.swift; path = APIController.swift; sourceTree = "<group>"; };
		C2A114EC19F43199005EE618 /* Blank52.png */ = {isa = PBXFileReference; lastKnownFileType = image.png; path = Blank52.png; sourceTree = "<group>"; };
		C2A114EE19F4359B005EE618 /* Album.swift */ = {isa = PBXFileReference; fileEncoding = 4; lastKnownFileType = sourcecode.swift; path = Album.swift; sourceTree = "<group>"; };
		C2CDB05C19F81BBB0012545A /* Track.swift */ = {isa = PBXFileReference; fileEncoding = 4; lastKnownFileType = sourcecode.swift; name = Track.swift; path = ../Track.swift; sourceTree = "<group>"; };
		C2CDB06019F81DAB0012545A /* TrackCell.swift */ = {isa = PBXFileReference; fileEncoding = 4; lastKnownFileType = sourcecode.swift; name = TrackCell.swift; path = ../TrackCell.swift; sourceTree = "<group>"; };
/* End PBXFileReference section */

/* Begin PBXFrameworksBuildPhase section */
		C2215AFB19F41D3A003958E8 /* Frameworks */ = {
			isa = PBXFrameworksBuildPhase;
			buildActionMask = 2147483647;
			files = (
			);
			runOnlyForDeploymentPostprocessing = 0;
		};
		C2215B1019F41D3A003958E8 /* Frameworks */ = {
			isa = PBXFrameworksBuildPhase;
			buildActionMask = 2147483647;
			files = (
			);
			runOnlyForDeploymentPostprocessing = 0;
		};
/* End PBXFrameworksBuildPhase section */

/* Begin PBXGroup section */
		C2215AF519F41D3A003958E8 = {
			isa = PBXGroup;
			children = (
				C2215B0019F41D3A003958E8 /* iTunesSearch */,
				C2215B1619F41D3A003958E8 /* iTunesSearchTests */,
				C2215AFF19F41D3A003958E8 /* Products */,
			);
			sourceTree = "<group>";
		};
		C2215AFF19F41D3A003958E8 /* Products */ = {
			isa = PBXGroup;
			children = (
				C2215AFE19F41D3A003958E8 /* iTunesSearch.app */,
				C2215B1319F41D3A003958E8 /* iTunesSearchTests.xctest */,
			);
			name = Products;
			sourceTree = "<group>";
		};
		C2215B0019F41D3A003958E8 /* iTunesSearch */ = {
			isa = PBXGroup;
			children = (
				C2CDB06019F81DAB0012545A /* TrackCell.swift */,
				C2CDB05C19F81BBB0012545A /* Track.swift */,
				C2A114EC19F43199005EE618 /* Blank52.png */,
				C2215B0319F41D3A003958E8 /* AppDelegate.swift */,
				C2215B0519F41D3A003958E8 /* SearchResultsViewController.swift */,
				C2215B0719F41D3A003958E8 /* Main.storyboard */,
				C2215B0A19F41D3A003958E8 /* Images.xcassets */,
				C2215B0C19F41D3A003958E8 /* LaunchScreen.xib */,
				C2215B0119F41D3A003958E8 /* Supporting Files */,
				C2215B2319F4249F003958E8 /* APIController.swift */,
				C2A114EE19F4359B005EE618 /* Album.swift */,
				6BD9FF5319F58A67008D5169 /* DetailsViewController.swift */,
			);
			path = iTunesSearch;
			sourceTree = "<group>";
		};
		C2215B0119F41D3A003958E8 /* Supporting Files */ = {
			isa = PBXGroup;
			children = (
				C2215B0219F41D3A003958E8 /* Info.plist */,
			);
			name = "Supporting Files";
			sourceTree = "<group>";
		};
		C2215B1619F41D3A003958E8 /* iTunesSearchTests */ = {
			isa = PBXGroup;
			children = (
				C2215B1919F41D3A003958E8 /* iTunesSearchTests.swift */,
				C2215B1719F41D3A003958E8 /* Supporting Files */,
			);
			path = iTunesSearchTests;
			sourceTree = "<group>";
		};
		C2215B1719F41D3A003958E8 /* Supporting Files */ = {
			isa = PBXGroup;
			children = (
				C2215B1819F41D3A003958E8 /* Info.plist */,
			);
			name = "Supporting Files";
			sourceTree = "<group>";
		};
/* End PBXGroup section */

/* Begin PBXNativeTarget section */
		C2215AFD19F41D3A003958E8 /* iTunesSearch */ = {
			isa = PBXNativeTarget;
			buildConfigurationList = C2215B1D19F41D3A003958E8 /* Build configuration list for PBXNativeTarget "iTunesSearch" */;
			buildPhases = (
				C2215AFA19F41D3A003958E8 /* Sources */,
				C2215AFB19F41D3A003958E8 /* Frameworks */,
				C2215AFC19F41D3A003958E8 /* Resources */,
			);
			buildRules = (
			);
			dependencies = (
			);
			name = iTunesSearch;
			productName = iTunesSearch;
			productReference = C2215AFE19F41D3A003958E8 /* iTunesSearch.app */;
			productType = "com.apple.product-type.application";
		};
		C2215B1219F41D3A003958E8 /* iTunesSearchTests */ = {
			isa = PBXNativeTarget;
			buildConfigurationList = C2215B2019F41D3A003958E8 /* Build configuration list for PBXNativeTarget "iTunesSearchTests" */;
			buildPhases = (
				C2215B0F19F41D3A003958E8 /* Sources */,
				C2215B1019F41D3A003958E8 /* Frameworks */,
				C2215B1119F41D3A003958E8 /* Resources */,
			);
			buildRules = (
			);
			dependencies = (
				C2215B1519F41D3A003958E8 /* PBXTargetDependency */,
			);
			name = iTunesSearchTests;
			productName = iTunesSearchTests;
			productReference = C2215B1319F41D3A003958E8 /* iTunesSearchTests.xctest */;
			productType = "com.apple.product-type.bundle.unit-test";
		};
/* End PBXNativeTarget section */

/* Begin PBXProject section */
		C2215AF619F41D3A003958E8 /* Project object */ = {
			isa = PBXProject;
			attributes = {
				LastUpgradeCheck = 0600;
				ORGANIZATIONNAME = "Davide Fucci";
				TargetAttributes = {
					C2215AFD19F41D3A003958E8 = {
						CreatedOnToolsVersion = 6.0.1;
					};
					C2215B1219F41D3A003958E8 = {
						CreatedOnToolsVersion = 6.0.1;
						TestTargetID = C2215AFD19F41D3A003958E8;
					};
				};
			};
			buildConfigurationList = C2215AF919F41D3A003958E8 /* Build configuration list for PBXProject "iTunesSearch" */;
			compatibilityVersion = "Xcode 3.2";
			developmentRegion = English;
			hasScannedForEncodings = 0;
			knownRegions = (
				en,
				Base,
			);
			mainGroup = C2215AF519F41D3A003958E8;
			productRefGroup = C2215AFF19F41D3A003958E8 /* Products */;
			projectDirPath = "";
			projectRoot = "";
			targets = (
				C2215AFD19F41D3A003958E8 /* iTunesSearch */,
				C2215B1219F41D3A003958E8 /* iTunesSearchTests */,
			);
		};
/* End PBXProject section */

/* Begin PBXResourcesBuildPhase section */
		C2215AFC19F41D3A003958E8 /* Resources */ = {
			isa = PBXResourcesBuildPhase;
			buildActionMask = 2147483647;
			files = (
				C2215B0919F41D3A003958E8 /* Main.storyboard in Resources */,
				C2A114ED19F43199005EE618 /* Blank52.png in Resources */,
				C2215B0E19F41D3A003958E8 /* LaunchScreen.xib in Resources */,
				C2215B0B19F41D3A003958E8 /* Images.xcassets in Resources */,
			);
			runOnlyForDeploymentPostprocessing = 0;
		};
		C2215B1119F41D3A003958E8 /* Resources */ = {
			isa = PBXResourcesBuildPhase;
			buildActionMask = 2147483647;
			files = (
			);
			runOnlyForDeploymentPostprocessing = 0;
		};
/* End PBXResourcesBuildPhase section */

/* Begin PBXSourcesBuildPhase section */
		C2215AFA19F41D3A003958E8 /* Sources */ = {
			isa = PBXSourcesBuildPhase;
			buildActionMask = 2147483647;
			files = (
				C2CDB06119F81DAB0012545A /* TrackCell.swift in Sources */,
				C2215B0619F41D3A003958E8 /* SearchResultsViewController.swift in Sources */,
				C2215B0419F41D3A003958E8 /* AppDelegate.swift in Sources */,
				C2215B2419F4249F003958E8 /* APIController.swift in Sources */,
				C2A114EF19F4359B005EE618 /* Album.swift in Sources */,
				6BD9FF5419F58A67008D5169 /* DetailsViewController.swift in Sources */,
				C2CDB05D19F81BBB0012545A /* Track.swift in Sources */,
			);
			runOnlyForDeploymentPostprocessing = 0;
		};
		C2215B0F19F41D3A003958E8 /* Sources */ = {
			isa = PBXSourcesBuildPhase;
			buildActionMask = 2147483647;
			files = (
				C2215B1A19F41D3A003958E8 /* iTunesSearchTests.swift in Sources */,
			);
			runOnlyForDeploymentPostprocessing = 0;
		};
/* End PBXSourcesBuildPhase section */

/* Begin PBXTargetDependency section */
		C2215B1519F41D3A003958E8 /* PBXTargetDependency */ = {
			isa = PBXTargetDependency;
			target = C2215AFD19F41D3A003958E8 /* iTunesSearch */;
			targetProxy = C2215B1419F41D3A003958E8 /* PBXContainerItemProxy */;
		};
/* End PBXTargetDependency section */

/* Begin PBXVariantGroup section */
		C2215B0719F41D3A003958E8 /* Main.storyboard */ = {
			isa = PBXVariantGroup;
			children = (
				C2215B0819F41D3A003958E8 /* Base */,
			);
			name = Main.storyboard;
			sourceTree = "<group>";
		};
		C2215B0C19F41D3A003958E8 /* LaunchScreen.xib */ = {
			isa = PBXVariantGroup;
			children = (
				C2215B0D19F41D3A003958E8 /* Base */,
			);
			name = LaunchScreen.xib;
			sourceTree = "<group>";
		};
/* End PBXVariantGroup section */

/* Begin XCBuildConfiguration section */
		C2215B1B19F41D3A003958E8 /* Debug */ = {
			isa = XCBuildConfiguration;
			buildSettings = {
				ALWAYS_SEARCH_USER_PATHS = NO;
				CLANG_CXX_LANGUAGE_STANDARD = "gnu++0x";
				CLANG_CXX_LIBRARY = "libc++";
				CLANG_ENABLE_MODULES = YES;
				CLANG_ENABLE_OBJC_ARC = YES;
				CLANG_WARN_BOOL_CONVERSION = YES;
				CLANG_WARN_CONSTANT_CONVERSION = YES;
				CLANG_WARN_DIRECT_OBJC_ISA_USAGE = YES_ERROR;
				CLANG_WARN_EMPTY_BODY = YES;
				CLANG_WARN_ENUM_CONVERSION = YES;
				CLANG_WARN_INT_CONVERSION = YES;
				CLANG_WARN_OBJC_ROOT_CLASS = YES_ERROR;
				CLANG_WARN_UNREACHABLE_CODE = YES;
				CLANG_WARN__DUPLICATE_METHOD_MATCH = YES;
				"CODE_SIGN_IDENTITY[sdk=iphoneos*]" = "iPhone Developer";
				COPY_PHASE_STRIP = NO;
				ENABLE_STRICT_OBJC_MSGSEND = YES;
				GCC_C_LANGUAGE_STANDARD = gnu99;
				GCC_DYNAMIC_NO_PIC = NO;
				GCC_OPTIMIZATION_LEVEL = 0;
				GCC_PREPROCESSOR_DEFINITIONS = (
					"DEBUG=1",
					"$(inherited)",
				);
				GCC_SYMBOLS_PRIVATE_EXTERN = NO;
				GCC_WARN_64_TO_32_BIT_CONVERSION = YES;
				GCC_WARN_ABOUT_RETURN_TYPE = YES_ERROR;
				GCC_WARN_UNDECLARED_SELECTOR = YES;
				GCC_WARN_UNINITIALIZED_AUTOS = YES_AGGRESSIVE;
				GCC_WARN_UNUSED_FUNCTION = YES;
				GCC_WARN_UNUSED_VARIABLE = YES;
				IPHONEOS_DEPLOYMENT_TARGET = 8.0;
				MTL_ENABLE_DEBUG_INFO = YES;
				ONLY_ACTIVE_ARCH = YES;
				SDKROOT = iphoneos;
				SWIFT_OPTIMIZATION_LEVEL = "-Onone";
			};
			name = Debug;
		};
		C2215B1C19F41D3A003958E8 /* Release */ = {
			isa = XCBuildConfiguration;
			buildSettings = {
				ALWAYS_SEARCH_USER_PATHS = NO;
				CLANG_CXX_LANGUAGE_STANDARD = "gnu++0x";
				CLANG_CXX_LIBRARY = "libc++";
				CLANG_ENABLE_MODULES = YES;
				CLANG_ENABLE_OBJC_ARC = YES;
				CLANG_WARN_BOOL_CONVERSION = YES;
				CLANG_WARN_CONSTANT_CONVERSION = YES;
				CLANG_WARN_DIRECT_OBJC_ISA_USAGE = YES_ERROR;
				CLANG_WARN_EMPTY_BODY = YES;
				CLANG_WARN_ENUM_CONVERSION = YES;
				CLANG_WARN_INT_CONVERSION = YES;
				CLANG_WARN_OBJC_ROOT_CLASS = YES_ERROR;
				CLANG_WARN_UNREACHABLE_CODE = YES;
				CLANG_WARN__DUPLICATE_METHOD_MATCH = YES;
				"CODE_SIGN_IDENTITY[sdk=iphoneos*]" = "iPhone Developer";
				COPY_PHASE_STRIP = YES;
				ENABLE_NS_ASSERTIONS = NO;
				ENABLE_STRICT_OBJC_MSGSEND = YES;
				GCC_C_LANGUAGE_STANDARD = gnu99;
				GCC_WARN_64_TO_32_BIT_CONVERSION = YES;
				GCC_WARN_ABOUT_RETURN_TYPE = YES_ERROR;
				GCC_WARN_UNDECLARED_SELECTOR = YES;
				GCC_WARN_UNINITIALIZED_AUTOS = YES_AGGRESSIVE;
				GCC_WARN_UNUSED_FUNCTION = YES;
				GCC_WARN_UNUSED_VARIABLE = YES;
				IPHONEOS_DEPLOYMENT_TARGET = 8.0;
				MTL_ENABLE_DEBUG_INFO = NO;
				SDKROOT = iphoneos;
				VALIDATE_PRODUCT = YES;
			};
			name = Release;
		};
		C2215B1E19F41D3A003958E8 /* Debug */ = {
			isa = XCBuildConfiguration;
			buildSettings = {
				ASSETCATALOG_COMPILER_APPICON_NAME = AppIcon;
				INFOPLIST_FILE = iTunesSearch/Info.plist;
				LD_RUNPATH_SEARCH_PATHS = "$(inherited) @executable_path/Frameworks";
				PRODUCT_NAME = "$(TARGET_NAME)";
			};
			name = Debug;
		};
		C2215B1F19F41D3A003958E8 /* Release */ = {
			isa = XCBuildConfiguration;
			buildSettings = {
				ASSETCATALOG_COMPILER_APPICON_NAME = AppIcon;
				INFOPLIST_FILE = iTunesSearch/Info.plist;
				LD_RUNPATH_SEARCH_PATHS = "$(inherited) @executable_path/Frameworks";
				PRODUCT_NAME = "$(TARGET_NAME)";
			};
			name = Release;
		};
		C2215B2119F41D3A003958E8 /* Debug */ = {
			isa = XCBuildConfiguration;
			buildSettings = {
				BUNDLE_LOADER = "$(TEST_HOST)";
				FRAMEWORK_SEARCH_PATHS = (
					"$(SDKROOT)/Developer/Library/Frameworks",
					"$(inherited)",
				);
				GCC_PREPROCESSOR_DEFINITIONS = (
					"DEBUG=1",
					"$(inherited)",
				);
				INFOPLIST_FILE = iTunesSearchTests/Info.plist;
				LD_RUNPATH_SEARCH_PATHS = "$(inherited) @executable_path/Frameworks @loader_path/Frameworks";
				PRODUCT_NAME = "$(TARGET_NAME)";
				TEST_HOST = "$(BUILT_PRODUCTS_DIR)/iTunesSearch.app/iTunesSearch";
			};
			name = Debug;
		};
		C2215B2219F41D3A003958E8 /* Release */ = {
			isa = XCBuildConfiguration;
			buildSettings = {
				BUNDLE_LOADER = "$(TEST_HOST)";
				FRAMEWORK_SEARCH_PATHS = (
					"$(SDKROOT)/Developer/Library/Frameworks",
					"$(inherited)",
				);
				INFOPLIST_FILE = iTunesSearchTests/Info.plist;
				LD_RUNPATH_SEARCH_PATHS = "$(inherited) @executable_path/Frameworks @loader_path/Frameworks";
				PRODUCT_NAME = "$(TARGET_NAME)";
				TEST_HOST = "$(BUILT_PRODUCTS_DIR)/iTunesSearch.app/iTunesSearch";
			};
			name = Release;
		};
/* End XCBuildConfiguration section */

/* Begin XCConfigurationList section */
		C2215AF919F41D3A003958E8 /* Build configuration list for PBXProject "iTunesSearch" */ = {
			isa = XCConfigurationList;
			buildConfigurations = (
				C2215B1B19F41D3A003958E8 /* Debug */,
				C2215B1C19F41D3A003958E8 /* Release */,
			);
			defaultConfigurationIsVisible = 0;
			defaultConfigurationName = Release;
		};
		C2215B1D19F41D3A003958E8 /* Build configuration list for PBXNativeTarget "iTunesSearch" */ = {
			isa = XCConfigurationList;
			buildConfigurations = (
				C2215B1E19F41D3A003958E8 /* Debug */,
				C2215B1F19F41D3A003958E8 /* Release */,
			);
			defaultConfigurationIsVisible = 0;
			defaultConfigurationName = Release;
		};
		C2215B2019F41D3A003958E8 /* Build configuration list for PBXNativeTarget "iTunesSearchTests" */ = {
			isa = XCConfigurationList;
			buildConfigurations = (
				C2215B2119F41D3A003958E8 /* Debug */,
				C2215B2219F41D3A003958E8 /* Release */,
			);
			defaultConfigurationIsVisible = 0;
			defaultConfigurationName = Release;
		};
/* End XCConfigurationList section */
	};
	rootObject = C2215AF619F41D3A003958E8 /* Project object */;
}
